
Microsoft Visual Studio Solution File, Format Version 12.00
# Visual Studio Version 16
VisualStudioVersion = 16.0.31321.278
MinimumVisualStudioVersion = 10.0.40219.1
Project("{FAE04EC0-301F-11D3-BF4B-00C04F79EFBC}") = "Warriors Glorry", "Warriors Glorry\Warriors Glorry.csproj", "{15530A6A-4F7D-47BE-924B-604BD632CA17}"
EndProject
Global
	GlobalSection(SolutionConfigurationPlatforms) = preSolution
		Debug|Any CPU = Debug|Any CPU
		Release|Any CPU = Release|Any CPU
	EndGlobalSection
	GlobalSection(ProjectConfigurationPlatforms) = postSolution
		{15530A6A-4F7D-47BE-924B-604BD632CA17}.Debug|Any CPU.ActiveCfg = Debug|Any CPU
		{15530A6A-4F7D-47BE-924B-604BD632CA17}.Debug|Any CPU.Build.0 = Debug|Any CPU
		{15530A6A-4F7D-47BE-924B-604BD632CA17}.Release|Any CPU.ActiveCfg = Release|Any CPU
		{15530A6A-4F7D-47BE-924B-604BD632CA17}.Release|Any CPU.Build.0 = Release|Any CPU
	EndGlobalSection
	GlobalSection(SolutionProperties) = preSolution
		HideSolutionNode = FALSE
	EndGlobalSection
	GlobalSection(ExtensibilityGlobals) = postSolution
		SolutionGuid = {A794E119-087B-4DA2-BDE4-590E6ED96646}
	EndGlobalSection
EndGlobal
